
Microsoft Visual Studio Solution File, Format Version 12.00
# Visual Studio Version 16
VisualStudioVersion = 16.0.30114.105
MinimumVisualStudioVersion = 10.0.40219.1
Project("{FAE04EC0-301F-11D3-BF4B-00C04F79EFBC}") = "DotNet.Net.WebSockets.Extensions", "DotNet.Net.WebSockets.Extensions\DotNet.Net.WebSockets.Extensions.csproj", "{52B97127-8D60-4327-9D3F-1170944F6677}"
EndProject
Project("{FAE04EC0-301F-11D3-BF4B-00C04F79EFBC}") = "DotNet.Net.WebSockets.Extensions.Tests", "DotNet.Net.WebSockets.Extensions.Tests\DotNet.Net.WebSockets.Extensions.Tests.csproj", "{EC47B7B8-4555-4A91-BE19-AD3047BE6DC9}"
EndProject
Global
	GlobalSection(SolutionConfigurationPlatforms) = preSolution
		Debug|Any CPU = Debug|Any CPU
		Release|Any CPU = Release|Any CPU
	EndGlobalSection
	GlobalSection(SolutionProperties) = preSolution
		HideSolutionNode = FALSE
	EndGlobalSection
	GlobalSection(ProjectConfigurationPlatforms) = postSolution
		{52B97127-8D60-4327-9D3F-1170944F6677}.Debug|Any CPU.ActiveCfg = Debug|Any CPU
		{52B97127-8D60-4327-9D3F-1170944F6677}.Debug|Any CPU.Build.0 = Debug|Any CPU
		{52B97127-8D60-4327-9D3F-1170944F6677}.Release|Any CPU.ActiveCfg = Release|Any CPU
		{52B97127-8D60-4327-9D3F-1170944F6677}.Release|Any CPU.Build.0 = Release|Any CPU
		{EC47B7B8-4555-4A91-BE19-AD3047BE6DC9}.Debug|Any CPU.ActiveCfg = Debug|Any CPU
		{EC47B7B8-4555-4A91-BE19-AD3047BE6DC9}.Debug|Any CPU.Build.0 = Debug|Any CPU
		{EC47B7B8-4555-4A91-BE19-AD3047BE6DC9}.Release|Any CPU.ActiveCfg = Release|Any CPU
		{EC47B7B8-4555-4A91-BE19-AD3047BE6DC9}.Release|Any CPU.Build.0 = Release|Any CPU
	EndGlobalSection
EndGlobal
